
Microsoft Visual Studio Solution File, Format Version 12.00
# Visual Studio Version 16
VisualStudioVersion = 16.0.31424.327
MinimumVisualStudioVersion = 10.0.40219.1
Project("{8BC9CEB8-8B4A-11D0-8D11-00A0C91BC942}") = "SimpleWhpDemo", "SimpleWhpDemo\SimpleWhpDemo.vcxproj", "{E322EE0D-1E8E-4932-8575-174154CF715B}"
EndProject
Global
	GlobalSection(SolutionConfigurationPlatforms) = preSolution
		Debug|x64 = Debug|x64
		Release|x64 = Release|x64
	EndGlobalSection
	GlobalSection(ProjectConfigurationPlatforms) = postSolution
		{E322EE0D-1E8E-4932-8575-174154CF715B}.Debug|x64.ActiveCfg = Debug|x64
		{E322EE0D-1E8E-4932-8575-174154CF715B}.Debug|x64.Build.0 = Debug|x64
		{E322EE0D-1E8E-4932-8575-174154CF715B}.Release|x64.ActiveCfg = Release|x64
		{E322EE0D-1E8E-4932-8575-174154CF715B}.Release|x64.Build.0 = Release|x64
	EndGlobalSection
	GlobalSection(SolutionProperties) = preSolution
		HideSolutionNode = FALSE
	EndGlobalSection
	GlobalSection(ExtensibilityGlobals) = postSolution
		SolutionGuid = {69C16895-851B-4DFD-A4DA-32D6A5C187E4}
	EndGlobalSection
EndGlobal
